
Microsoft Visual Studio Solution File, Format Version 12.00
# Visual Studio Version 17
VisualStudioVersion = 17.0.31919.166
MinimumVisualStudioVersion = 10.0.40219.1
Project("{FAE04EC0-301F-11D3-BF4B-00C04F79EFBC}") = "session 1", "session 1\session 1.csproj", "{AE0C0ABD-C856-49D2-A657-1D0C0ADAA8D2}"
EndProject
Global
	GlobalSection(SolutionConfigurationPlatforms) = preSolution
		Debug|Any CPU = Debug|Any CPU
		Release|Any CPU = Release|Any CPU
	EndGlobalSection
	GlobalSection(ProjectConfigurationPlatforms) = postSolution
		{AE0C0ABD-C856-49D2-A657-1D0C0ADAA8D2}.Debug|Any CPU.ActiveCfg = Debug|Any CPU
		{AE0C0ABD-C856-49D2-A657-1D0C0ADAA8D2}.Debug|Any CPU.Build.0 = Debug|Any CPU
		{AE0C0ABD-C856-49D2-A657-1D0C0ADAA8D2}.Release|Any CPU.ActiveCfg = Release|Any CPU
		{AE0C0ABD-C856-49D2-A657-1D0C0ADAA8D2}.Release|Any CPU.Build.0 = Release|Any CPU
	EndGlobalSection
	GlobalSection(SolutionProperties) = preSolution
		HideSolutionNode = FALSE
	EndGlobalSection
	GlobalSection(ExtensibilityGlobals) = postSolution
		SolutionGuid = {76BA763B-5AEA-4B6D-9E57-84C1C8CFC029}
	EndGlobalSection
EndGlobal
