
Microsoft Visual Studio Solution File, Format Version 12.00
# Visual Studio Version 17
VisualStudioVersion = 17.0.31919.166
MinimumVisualStudioVersion = 10.0.40219.1
Project("{FAE04EC0-301F-11D3-BF4B-00C04F79EFBC}") = "Project Examples", "Project Examples\Project Examples.csproj", "{2395AD37-0297-42C2-B883-B34B46279112}"
EndProject
Global
	GlobalSection(SolutionConfigurationPlatforms) = preSolution
		Debug|Any CPU = Debug|Any CPU
		Release|Any CPU = Release|Any CPU
	EndGlobalSection
	GlobalSection(ProjectConfigurationPlatforms) = postSolution
		{2395AD37-0297-42C2-B883-B34B46279112}.Debug|Any CPU.ActiveCfg = Debug|Any CPU
		{2395AD37-0297-42C2-B883-B34B46279112}.Debug|Any CPU.Build.0 = Debug|Any CPU
		{2395AD37-0297-42C2-B883-B34B46279112}.Release|Any CPU.ActiveCfg = Release|Any CPU
		{2395AD37-0297-42C2-B883-B34B46279112}.Release|Any CPU.Build.0 = Release|Any CPU
	EndGlobalSection
	GlobalSection(SolutionProperties) = preSolution
		HideSolutionNode = FALSE
	EndGlobalSection
	GlobalSection(ExtensibilityGlobals) = postSolution
		SolutionGuid = {2D6BEBC9-7206-42F4-AD7A-8CC9A41B1D0D}
	EndGlobalSection
EndGlobal
